
Microsoft Visual Studio Solution File, Format Version 12.00
# Visual Studio Version 17
VisualStudioVersion = 17.3.32929.385
MinimumVisualStudioVersion = 10.0.40219.1
Project("{FAE04EC0-301F-11D3-BF4B-00C04F79EFBC}") = "PessoaFisica", "PessoaFisica.csproj", "{EDE05DCA-A368-4AAB-B79C-D79CB2AD04EA}"
EndProject
Global
	GlobalSection(SolutionConfigurationPlatforms) = preSolution
		Debug|Any CPU = Debug|Any CPU
		Release|Any CPU = Release|Any CPU
	EndGlobalSection
	GlobalSection(ProjectConfigurationPlatforms) = postSolution
		{EDE05DCA-A368-4AAB-B79C-D79CB2AD04EA}.Debug|Any CPU.ActiveCfg = Debug|Any CPU
		{EDE05DCA-A368-4AAB-B79C-D79CB2AD04EA}.Debug|Any CPU.Build.0 = Debug|Any CPU
		{EDE05DCA-A368-4AAB-B79C-D79CB2AD04EA}.Release|Any CPU.ActiveCfg = Release|Any CPU
		{EDE05DCA-A368-4AAB-B79C-D79CB2AD04EA}.Release|Any CPU.Build.0 = Release|Any CPU
	EndGlobalSection
	GlobalSection(SolutionProperties) = preSolution
		HideSolutionNode = FALSE
	EndGlobalSection
	GlobalSection(ExtensibilityGlobals) = postSolution
		SolutionGuid = {2E6868A7-8863-4BCF-B150-B3E1380984A1}
	EndGlobalSection
EndGlobal
